// !$*UTF8*$!
{
	archiveVersion = 1;
	classes = {
	};
	objectVersion = 46;
	objects = {

/* Begin PBXBuildFile section */
		8429C0DD156A7943000ADD56 /* BlackMagic.mm in Sources */ = {isa = PBXBuildFile; fileRef = 8429C0DB156A7943000ADD56 /* BlackMagic.mm */; };
		8429C0DE156A7943000ADD56 /* BlackMagic.xib in Resources */ = {isa = PBXBuildFile; fileRef = 8429C0DC156A7943000ADD56 /* BlackMagic.xib */; };
		845FB20D1520A77400FAB093 /* OpenGL.framework in Frameworks */ = {isa = PBXBuildFile; fileRef = 845FB20C1520A77400FAB093 /* OpenGL.framework */; };
		84A64CB3152492B3004B2050 /* ofxCocoaPlugins.framework in Frameworks */ = {isa = PBXBuildFile; fileRef = 84A64CB2152492B3004B2050 /* ofxCocoaPlugins.framework */; };
		84A64CB5152492C2004B2050 /* ofxCocoaPlugins.framework in CopyFiles */ = {isa = PBXBuildFile; fileRef = 84A64CB2152492B3004B2050 /* ofxCocoaPlugins.framework */; };
		84AFDC0815209A0A00DB5DEF /* Cocoa.framework in Frameworks */ = {isa = PBXBuildFile; fileRef = 84AFDC0715209A0A00DB5DEF /* Cocoa.framework */; };
		84AFDC1215209A0A00DB5DEF /* InfoPlist.strings in Resources */ = {isa = PBXBuildFile; fileRef = 84AFDC1015209A0A00DB5DEF /* InfoPlist.strings */; };
		84AFDC1415209A0A00DB5DEF /* main.m in Sources */ = {isa = PBXBuildFile; fileRef = 84AFDC1315209A0A00DB5DEF /* main.m */; };
		84AFDC1B15209A0A00DB5DEF /* AppDelegate.mm in Sources */ = {isa = PBXBuildFile; fileRef = 84AFDC1A15209A0A00DB5DEF /* AppDelegate.mm */; };
		84AFDC1E15209A0A00DB5DEF /* MainMenu.xib in Resources */ = {isa = PBXBuildFile; fileRef = 84AFDC1C15209A0A00DB5DEF /* MainMenu.xib */; };
		84AFDC2D15209B3400DB5DEF /* Project.xcconfig in Resources */ = {isa = PBXBuildFile; fileRef = 84AFDC2C15209B3400DB5DEF /* Project.xcconfig */; };
		DD03972C161C4F9000D0D629 /* DeckLinkAPIDispatch.cpp in Sources */ = {isa = PBXBuildFile; fileRef = DD039725161C4F9000D0D629 /* DeckLinkAPIDispatch.cpp */; };
		DD039737161C591400D0D629 /* DecklinkCallback.mm in Sources */ = {isa = PBXBuildFile; fileRef = DD039736161C591400D0D629 /* DecklinkCallback.mm */; };
		DD03974C161C96EF00D0D629 /* ofxShader.cpp in Sources */ = {isa = PBXBuildFile; fileRef = DD03974A161C96EF00D0D629 /* ofxShader.cpp */; };
		DD4CC1E8161DEA13000E459D /* bwShader.frag in Sources */ = {isa = PBXBuildFile; fileRef = DD4CC1E2161DEA13000E459D /* bwShader.frag */; };
		DD4CC1E9161DEA13000E459D /* bwShader.vert in Sources */ = {isa = PBXBuildFile; fileRef = DD4CC1E3161DEA13000E459D /* bwShader.vert */; };
		DD4CC1EA161DEA13000E459D /* colorCorrectShader.frag in Sources */ = {isa = PBXBuildFile; fileRef = DD4CC1E4161DEA13000E459D /* colorCorrectShader.frag */; };
		DD4CC1EB161DEA13000E459D /* colorCorrectShader.vert in Sources */ = {isa = PBXBuildFile; fileRef = DD4CC1E5161DEA13000E459D /* colorCorrectShader.vert */; };
		DD4CC1EC161DEA13000E459D /* deinterlace.frag in Sources */ = {isa = PBXBuildFile; fileRef = DD4CC1E6161DEA13000E459D /* deinterlace.frag */; };
		DD4CC1ED161DEA13000E459D /* deinterlace.vert in Sources */ = {isa = PBXBuildFile; fileRef = DD4CC1E7161DEA13000E459D /* deinterlace.vert */; };
		DD4CC1EF161DF194000E459D /* QuartzCore.framework in Frameworks */ = {isa = PBXBuildFile; fileRef = DD4CC1EE161DF194000E459D /* QuartzCore.framework */; };
		DDB9D53C1624611000FFE6A4 /* ChromaFilter.m in Sources */ = {isa = PBXBuildFile; fileRef = DDB9D53B1624611000FFE6A4 /* ChromaFilter.m */; };
		DDD38D511623464D00C24ABA /* QTKit.framework in Frameworks */ = {isa = PBXBuildFile; fileRef = DDD38D501623464D00C24ABA /* QTKit.framework */; };
		DDD38D5416234D9500C24ABA /* Quartz.framework in Frameworks */ = {isa = PBXBuildFile; fileRef = DDD38D5316234D9500C24ABA /* Quartz.framework */; };
		DDD38D5B16234E9400C24ABA /* QuickTime.framework in Frameworks */ = {isa = PBXBuildFile; fileRef = DDD38D5A16234E9400C24ABA /* QuickTime.framework */; };
		DDDCF65F161EBC0700E8E368 /* DeinterlaceFilter.m in Sources */ = {isa = PBXBuildFile; fileRef = DDDCF65E161EBC0700E8E368 /* DeinterlaceFilter.m */; };
		DDDCF661161EBC1700E8E368 /* deinterlaceFilter.cikernel in Resources */ = {isa = PBXBuildFile; fileRef = DDDCF660161EBC1700E8E368 /* deinterlaceFilter.cikernel */; };
		DDE64735161EC97E0007E490 /* BlackMagicController.mm in Sources */ = {isa = PBXBuildFile; fileRef = DDDCF65A161EB93500E8E368 /* BlackMagicController.mm */; };
/* End PBXBuildFile section */

/* Begin PBXCopyFilesBuildPhase section */
		845FB20E1520AB7500FAB093 /* CopyFiles */ = {
			isa = PBXCopyFilesBuildPhase;
			buildActionMask = 2147483647;
			dstPath = "";
			dstSubfolderSpec = 10;
			files = (
				84A64CB5152492C2004B2050 /* ofxCocoaPlugins.framework in CopyFiles */,
			);
			runOnlyForDeploymentPostprocessing = 0;
		};
/* End PBXCopyFilesBuildPhase section */

/* Begin PBXFileReference section */
		8429C0DA156A7943000ADD56 /* BlackMagic.h */ = {isa = PBXFileReference; fileEncoding = 4; lastKnownFileType = sourcecode.c.h; path = BlackMagic.h; sourceTree = "<group>"; };
		8429C0DB156A7943000ADD56 /* BlackMagic.mm */ = {isa = PBXFileReference; fileEncoding = 4; lastKnownFileType = sourcecode.cpp.objcpp; path = BlackMagic.mm; sourceTree = "<group>"; };
		8429C0DC156A7943000ADD56 /* BlackMagic.xib */ = {isa = PBXFileReference; fileEncoding = 4; lastKnownFileType = file.xib; path = BlackMagic.xib; sourceTree = "<group>"; };
		845FB20C1520A77400FAB093 /* OpenGL.framework */ = {isa = PBXFileReference; lastKnownFileType = wrapper.framework; name = OpenGL.framework; path = System/Library/Frameworks/OpenGL.framework; sourceTree = SDKROOT; };
		84A64CB2152492B3004B2050 /* ofxCocoaPlugins.framework */ = {isa = PBXFileReference; lastKnownFileType = wrapper.framework; name = ofxCocoaPlugins.framework; path = ofxCocoaPlugins/build/Debug/ofxCocoaPlugins.framework; sourceTree = "<group>"; };
		84AFDC0315209A0A00DB5DEF /* ViljensTriumf.app */ = {isa = PBXFileReference; explicitFileType = wrapper.application; includeInIndex = 0; path = ViljensTriumf.app; sourceTree = BUILT_PRODUCTS_DIR; };
		84AFDC0715209A0A00DB5DEF /* Cocoa.framework */ = {isa = PBXFileReference; lastKnownFileType = wrapper.framework; name = Cocoa.framework; path = System/Library/Frameworks/Cocoa.framework; sourceTree = SDKROOT; };
		84AFDC0A15209A0A00DB5DEF /* AppKit.framework */ = {isa = PBXFileReference; lastKnownFileType = wrapper.framework; name = AppKit.framework; path = System/Library/Frameworks/AppKit.framework; sourceTree = SDKROOT; };
		84AFDC0B15209A0A00DB5DEF /* CoreData.framework */ = {isa = PBXFileReference; lastKnownFileType = wrapper.framework; name = CoreData.framework; path = System/Library/Frameworks/CoreData.framework; sourceTree = SDKROOT; };
		84AFDC0C15209A0A00DB5DEF /* Foundation.framework */ = {isa = PBXFileReference; lastKnownFileType = wrapper.framework; name = Foundation.framework; path = System/Library/Frameworks/Foundation.framework; sourceTree = SDKROOT; };
		84AFDC0F15209A0A00DB5DEF /* ViljensTriumf-Info.plist */ = {isa = PBXFileReference; lastKnownFileType = text.plist.xml; path = "ViljensTriumf-Info.plist"; sourceTree = "<group>"; };
		84AFDC1115209A0A00DB5DEF /* en */ = {isa = PBXFileReference; lastKnownFileType = text.plist.strings; name = en; path = en.lproj/InfoPlist.strings; sourceTree = "<group>"; };
		84AFDC1315209A0A00DB5DEF /* main.m */ = {isa = PBXFileReference; lastKnownFileType = sourcecode.c.objc; path = main.m; sourceTree = "<group>"; };
		84AFDC1515209A0A00DB5DEF /* DEW-Prefix.pch */ = {isa = PBXFileReference; lastKnownFileType = sourcecode.c.h; path = "DEW-Prefix.pch"; sourceTree = "<group>"; };
		84AFDC1915209A0A00DB5DEF /* AppDelegate.h */ = {isa = PBXFileReference; lastKnownFileType = sourcecode.c.h; path = AppDelegate.h; sourceTree = "<group>"; };
		84AFDC1A15209A0A00DB5DEF /* AppDelegate.mm */ = {isa = PBXFileReference; lastKnownFileType = sourcecode.cpp.objcpp; path = AppDelegate.mm; sourceTree = "<group>"; };
		84AFDC1D15209A0A00DB5DEF /* en */ = {isa = PBXFileReference; lastKnownFileType = file.xib; name = en; path = en.lproj/MainMenu.xib; sourceTree = "<group>"; };
		84AFDC2C15209B3400DB5DEF /* Project.xcconfig */ = {isa = PBXFileReference; fileEncoding = 4; lastKnownFileType = text.xcconfig; path = Project.xcconfig; sourceTree = "<group>"; };
		DD03971A161C4F9000D0D629 /* DeckLinkAPI.h */ = {isa = PBXFileReference; fileEncoding = 4; lastKnownFileType = sourcecode.c.h; path = DeckLinkAPI.h; sourceTree = "<group>"; };
		DD039725161C4F9000D0D629 /* DeckLinkAPIDispatch.cpp */ = {isa = PBXFileReference; fileEncoding = 4; lastKnownFileType = sourcecode.cpp.cpp; path = DeckLinkAPIDispatch.cpp; sourceTree = "<group>"; };
		DD039735161C591400D0D629 /* DecklinkCallback.h */ = {isa = PBXFileReference; fileEncoding = 4; lastKnownFileType = sourcecode.c.h; path = DecklinkCallback.h; sourceTree = "<group>"; };
		DD039736161C591400D0D629 /* DecklinkCallback.mm */ = {isa = PBXFileReference; fileEncoding = 4; lastKnownFileType = sourcecode.cpp.objcpp; path = DecklinkCallback.mm; sourceTree = "<group>"; };
		DD03974A161C96EF00D0D629 /* ofxShader.cpp */ = {isa = PBXFileReference; fileEncoding = 4; lastKnownFileType = sourcecode.cpp.cpp; path = ofxShader.cpp; sourceTree = "<group>"; };
		DD03974B161C96EF00D0D629 /* ofxShader.h */ = {isa = PBXFileReference; fileEncoding = 4; lastKnownFileType = sourcecode.c.h; path = ofxShader.h; sourceTree = "<group>"; };
		DD4CC1E2161DEA13000E459D /* bwShader.frag */ = {isa = PBXFileReference; fileEncoding = 4; lastKnownFileType = sourcecode.glsl; name = bwShader.frag; path = shaders/bwShader.frag; sourceTree = "<group>"; };
		DD4CC1E3161DEA13000E459D /* bwShader.vert */ = {isa = PBXFileReference; fileEncoding = 4; lastKnownFileType = sourcecode.glsl; name = bwShader.vert; path = shaders/bwShader.vert; sourceTree = "<group>"; };
		DD4CC1E4161DEA13000E459D /* colorCorrectShader.frag */ = {isa = PBXFileReference; fileEncoding = 4; lastKnownFileType = sourcecode.glsl; name = colorCorrectShader.frag; path = shaders/colorCorrectShader.frag; sourceTree = "<group>"; };
		DD4CC1E5161DEA13000E459D /* colorCorrectShader.vert */ = {isa = PBXFileReference; fileEncoding = 4; lastKnownFileType = sourcecode.glsl; name = colorCorrectShader.vert; path = shaders/colorCorrectShader.vert; sourceTree = "<group>"; };
		DD4CC1E6161DEA13000E459D /* deinterlace.frag */ = {isa = PBXFileReference; fileEncoding = 4; lastKnownFileType = sourcecode.glsl; name = deinterlace.frag; path = shaders/deinterlace.frag; sourceTree = "<group>"; };
		DD4CC1E7161DEA13000E459D /* deinterlace.vert */ = {isa = PBXFileReference; fileEncoding = 4; lastKnownFileType = sourcecode.glsl; name = deinterlace.vert; path = shaders/deinterlace.vert; sourceTree = "<group>"; };
		DD4CC1EE161DF194000E459D /* QuartzCore.framework */ = {isa = PBXFileReference; lastKnownFileType = wrapper.framework; name = QuartzCore.framework; path = System/Library/Frameworks/QuartzCore.framework; sourceTree = SDKROOT; };
		DDB9D53A1624611000FFE6A4 /* ChromaFilter.h */ = {isa = PBXFileReference; fileEncoding = 4; lastKnownFileType = sourcecode.c.h; path = ChromaFilter.h; sourceTree = "<group>"; };
		DDB9D53B1624611000FFE6A4 /* ChromaFilter.m */ = {isa = PBXFileReference; fileEncoding = 4; lastKnownFileType = sourcecode.c.objc; path = ChromaFilter.m; sourceTree = "<group>"; };
		DDD38D501623464D00C24ABA /* QTKit.framework */ = {isa = PBXFileReference; lastKnownFileType = wrapper.framework; name = QTKit.framework; path = System/Library/Frameworks/QTKit.framework; sourceTree = SDKROOT; };
		DDD38D5316234D9500C24ABA /* Quartz.framework */ = {isa = PBXFileReference; lastKnownFileType = wrapper.framework; name = Quartz.framework; path = System/Library/Frameworks/Quartz.framework; sourceTree = SDKROOT; };
		DDD38D5A16234E9400C24ABA /* QuickTime.framework */ = {isa = PBXFileReference; lastKnownFileType = wrapper.framework; name = QuickTime.framework; path = System/Library/Frameworks/QuickTime.framework; sourceTree = SDKROOT; };
		DDDCF659161EB93500E8E368 /* BlackMagicController.h */ = {isa = PBXFileReference; lastKnownFileType = sourcecode.c.h; path = BlackMagicController.h; sourceTree = "<group>"; };
		DDDCF65A161EB93500E8E368 /* BlackMagicController.mm */ = {isa = PBXFileReference; lastKnownFileType = sourcecode.cpp.objcpp; path = BlackMagicController.mm; sourceTree = "<group>"; };
		DDDCF65D161EBC0700E8E368 /* DeinterlaceFilter.h */ = {isa = PBXFileReference; fileEncoding = 4; lastKnownFileType = sourcecode.c.h; path = DeinterlaceFilter.h; sourceTree = "<group>"; };
		DDDCF65E161EBC0700E8E368 /* DeinterlaceFilter.m */ = {isa = PBXFileReference; fileEncoding = 4; lastKnownFileType = sourcecode.c.objc; path = DeinterlaceFilter.m; sourceTree = "<group>"; };
		DDDCF660161EBC1700E8E368 /* deinterlaceFilter.cikernel */ = {isa = PBXFileReference; fileEncoding = 4; lastKnownFileType = text; path = deinterlaceFilter.cikernel; sourceTree = "<group>"; };
/* End PBXFileReference section */

/* Begin PBXFrameworksBuildPhase section */
		84AFDC0015209A0A00DB5DEF /* Frameworks */ = {
			isa = PBXFrameworksBuildPhase;
			buildActionMask = 2147483647;
			files = (
				DDD38D5B16234E9400C24ABA /* QuickTime.framework in Frameworks */,
				DDD38D5416234D9500C24ABA /* Quartz.framework in Frameworks */,
				DDD38D511623464D00C24ABA /* QTKit.framework in Frameworks */,
				DD4CC1EF161DF194000E459D /* QuartzCore.framework in Frameworks */,
				845FB20D1520A77400FAB093 /* OpenGL.framework in Frameworks */,
				84AFDC0815209A0A00DB5DEF /* Cocoa.framework in Frameworks */,
				84A64CB3152492B3004B2050 /* ofxCocoaPlugins.framework in Frameworks */,
			);
			runOnlyForDeploymentPostprocessing = 0;
		};
/* End PBXFrameworksBuildPhase section */

/* Begin PBXGroup section */
		8483C6691521C0E5006090CF /* Plugins */ = {
			isa = PBXGroup;
			children = (
				DD039731161C4FE000D0D629 /* BlackMagic */,
			);
			name = Plugins;
			path = ViljensTriumf/Plugins;
			sourceTree = "<group>";
		};
		84AFDBF815209A0A00DB5DEF = {
			isa = PBXGroup;
			children = (
				DDD38D5A16234E9400C24ABA /* QuickTime.framework */,
				DDD38D5316234D9500C24ABA /* Quartz.framework */,
				DDD38D501623464D00C24ABA /* QTKit.framework */,
				DD4CC1EE161DF194000E459D /* QuartzCore.framework */,
				84DF2EE315385C49001F3C62 /* Assets */,
				84A64CB2152492B3004B2050 /* ofxCocoaPlugins.framework */,
				84AFDC2C15209B3400DB5DEF /* Project.xcconfig */,
				84EA19EA1521C6E600F91FC8 /* Addons */,
				8483C6691521C0E5006090CF /* Plugins */,
				84AFDC0D15209A0A00DB5DEF /* ViljensTriumf */,
				84AFDC0615209A0A00DB5DEF /* Frameworks */,
				84AFDC0415209A0A00DB5DEF /* Products */,
			);
			sourceTree = "<group>";
		};
		84AFDC0415209A0A00DB5DEF /* Products */ = {
			isa = PBXGroup;
			children = (
				84AFDC0315209A0A00DB5DEF /* ViljensTriumf.app */,
			);
			name = Products;
			sourceTree = "<group>";
		};
		84AFDC0615209A0A00DB5DEF /* Frameworks */ = {
			isa = PBXGroup;
			children = (
				845FB20C1520A77400FAB093 /* OpenGL.framework */,
				84AFDC0715209A0A00DB5DEF /* Cocoa.framework */,
				84AFDC0915209A0A00DB5DEF /* Other Frameworks */,
			);
			name = Frameworks;
			sourceTree = "<group>";
		};
		84AFDC0915209A0A00DB5DEF /* Other Frameworks */ = {
			isa = PBXGroup;
			children = (
				84AFDC0A15209A0A00DB5DEF /* AppKit.framework */,
				84AFDC0B15209A0A00DB5DEF /* CoreData.framework */,
				84AFDC0C15209A0A00DB5DEF /* Foundation.framework */,
			);
			name = "Other Frameworks";
			sourceTree = "<group>";
		};
		84AFDC0D15209A0A00DB5DEF /* ViljensTriumf */ = {
			isa = PBXGroup;
			children = (
				84AFDC1915209A0A00DB5DEF /* AppDelegate.h */,
				84AFDC1A15209A0A00DB5DEF /* AppDelegate.mm */,
				84AFDC1C15209A0A00DB5DEF /* MainMenu.xib */,
				84AFDC0E15209A0A00DB5DEF /* Supporting Files */,
			);
			path = ViljensTriumf;
			sourceTree = "<group>";
		};
		84AFDC0E15209A0A00DB5DEF /* Supporting Files */ = {
			isa = PBXGroup;
			children = (
				84AFDC0F15209A0A00DB5DEF /* ViljensTriumf-Info.plist */,
				84AFDC1015209A0A00DB5DEF /* InfoPlist.strings */,
				84AFDC1315209A0A00DB5DEF /* main.m */,
				84AFDC1515209A0A00DB5DEF /* DEW-Prefix.pch */,
			);
			name = "Supporting Files";
			sourceTree = "<group>";
		};
		84DF2EE315385C49001F3C62 /* Assets */ = {
			isa = PBXGroup;
			children = (
			);
			path = Assets;
			sourceTree = "<group>";
		};
		84EA19EA1521C6E600F91FC8 /* Addons */ = {
			isa = PBXGroup;
			children = (
				DD039749161C96EF00D0D629 /* ofxShader */,
			);
			path = Addons;
			sourceTree = "<group>";
		};
		DD039719161C4F9000D0D629 /* include */ = {
			isa = PBXGroup;
			children = (
				DD03971A161C4F9000D0D629 /* DeckLinkAPI.h */,
				DD039725161C4F9000D0D629 /* DeckLinkAPIDispatch.cpp */,
			);
			name = include;
			path = "libs/Blackmagic DeckLink SDK 9.6.4/Mac/include";
			sourceTree = SOURCE_ROOT;
		};
		DD039731161C4FE000D0D629 /* BlackMagic */ = {
			isa = PBXGroup;
			children = (
				8429C0DA156A7943000ADD56 /* BlackMagic.h */,
				8429C0DB156A7943000ADD56 /* BlackMagic.mm */,
				DDDCF65C161EBBF900E8E368 /* filters */,
				DDDCF659161EB93500E8E368 /* BlackMagicController.h */,
				DDDCF65A161EB93500E8E368 /* BlackMagicController.mm */,
				DD039719161C4F9000D0D629 /* include */,
				DD039735161C591400D0D629 /* DecklinkCallback.h */,
				DD039736161C591400D0D629 /* DecklinkCallback.mm */,
				8429C0DC156A7943000ADD56 /* BlackMagic.xib */,
				DD039738161C948C00D0D629 /* shaders */,
			);
			name = BlackMagic;
			sourceTree = "<group>";
		};
		DD039738161C948C00D0D629 /* shaders */ = {
			isa = PBXGroup;
			children = (
				DD4CC1E2161DEA13000E459D /* bwShader.frag */,
				DD4CC1E3161DEA13000E459D /* bwShader.vert */,
				DD4CC1E4161DEA13000E459D /* colorCorrectShader.frag */,
				DD4CC1E5161DEA13000E459D /* colorCorrectShader.vert */,
				DD4CC1E6161DEA13000E459D /* deinterlace.frag */,
				DD4CC1E7161DEA13000E459D /* deinterlace.vert */,
			);
			name = shaders;
			sourceTree = "<group>";
		};
		DD039749161C96EF00D0D629 /* ofxShader */ = {
			isa = PBXGroup;
			children = (
				DD03974A161C96EF00D0D629 /* ofxShader.cpp */,
				DD03974B161C96EF00D0D629 /* ofxShader.h */,
			);
			name = ofxShader;
			path = ViljensTriumf/ofxShader;
			sourceTree = SOURCE_ROOT;
		};
		DDDCF65C161EBBF900E8E368 /* filters */ = {
			isa = PBXGroup;
			children = (
				DDDCF660161EBC1700E8E368 /* deinterlaceFilter.cikernel */,
				DDDCF65D161EBC0700E8E368 /* DeinterlaceFilter.h */,
				DDDCF65E161EBC0700E8E368 /* DeinterlaceFilter.m */,
				DDB9D53A1624611000FFE6A4 /* ChromaFilter.h */,
				DDB9D53B1624611000FFE6A4 /* ChromaFilter.m */,
			);
			path = filters;
			sourceTree = "<group>";
		};
/* End PBXGroup section */

/* Begin PBXNativeTarget section */
		84AFDC0215209A0A00DB5DEF /* ViljensTriumf */ = {
			isa = PBXNativeTarget;
			buildConfigurationList = 84AFDC2115209A0A00DB5DEF /* Build configuration list for PBXNativeTarget "ViljensTriumf" */;
			buildPhases = (
				84AFDBFF15209A0A00DB5DEF /* Sources */,
				84AFDC0015209A0A00DB5DEF /* Frameworks */,
				84AFDC0115209A0A00DB5DEF /* Resources */,
				845FB20E1520AB7500FAB093 /* CopyFiles */,
			);
			buildRules = (
			);
			dependencies = (
			);
			name = ViljensTriumf;
			productName = DEW;
			productReference = 84AFDC0315209A0A00DB5DEF /* ViljensTriumf.app */;
			productType = "com.apple.product-type.application";
		};
/* End PBXNativeTarget section */

/* Begin PBXProject section */
		84AFDBFA15209A0A00DB5DEF /* Project object */ = {
			isa = PBXProject;
			attributes = {
				LastUpgradeCheck = 0430;
			};
			buildConfigurationList = 84AFDBFD15209A0A00DB5DEF /* Build configuration list for PBXProject "ViljensTriumf" */;
			compatibilityVersion = "Xcode 3.2";
			developmentRegion = English;
			hasScannedForEncodings = 0;
			knownRegions = (
				en,
			);
			mainGroup = 84AFDBF815209A0A00DB5DEF;
			productRefGroup = 84AFDC0415209A0A00DB5DEF /* Products */;
			projectDirPath = "";
			projectRoot = "";
			targets = (
				84AFDC0215209A0A00DB5DEF /* ViljensTriumf */,
			);
		};
/* End PBXProject section */

/* Begin PBXResourcesBuildPhase section */
		84AFDC0115209A0A00DB5DEF /* Resources */ = {
			isa = PBXResourcesBuildPhase;
			buildActionMask = 2147483647;
			files = (
				84AFDC1215209A0A00DB5DEF /* InfoPlist.strings in Resources */,
				84AFDC1E15209A0A00DB5DEF /* MainMenu.xib in Resources */,
				84AFDC2D15209B3400DB5DEF /* Project.xcconfig in Resources */,
				8429C0DE156A7943000ADD56 /* BlackMagic.xib in Resources */,
				DDDCF661161EBC1700E8E368 /* deinterlaceFilter.cikernel in Resources */,
			);
			runOnlyForDeploymentPostprocessing = 0;
		};
/* End PBXResourcesBuildPhase section */

/* Begin PBXSourcesBuildPhase section */
		84AFDBFF15209A0A00DB5DEF /* Sources */ = {
			isa = PBXSourcesBuildPhase;
			buildActionMask = 2147483647;
			files = (
				84AFDC1415209A0A00DB5DEF /* main.m in Sources */,
				84AFDC1B15209A0A00DB5DEF /* AppDelegate.mm in Sources */,
				8429C0DD156A7943000ADD56 /* BlackMagic.mm in Sources */,
				DD03972C161C4F9000D0D629 /* DeckLinkAPIDispatch.cpp in Sources */,
				DD039737161C591400D0D629 /* DecklinkCallback.mm in Sources */,
				DD03974C161C96EF00D0D629 /* ofxShader.cpp in Sources */,
				DD4CC1E8161DEA13000E459D /* bwShader.frag in Sources */,
				DD4CC1E9161DEA13000E459D /* bwShader.vert in Sources */,
				DD4CC1EA161DEA13000E459D /* colorCorrectShader.frag in Sources */,
				DD4CC1EB161DEA13000E459D /* colorCorrectShader.vert in Sources */,
				DDE64735161EC97E0007E490 /* BlackMagicController.mm in Sources */,
				DD4CC1EC161DEA13000E459D /* deinterlace.frag in Sources */,
				DD4CC1ED161DEA13000E459D /* deinterlace.vert in Sources */,
				DDDCF65F161EBC0700E8E368 /* DeinterlaceFilter.m in Sources */,
				DDB9D53C1624611000FFE6A4 /* ChromaFilter.m in Sources */,
			);
			runOnlyForDeploymentPostprocessing = 0;
		};
/* End PBXSourcesBuildPhase section */

/* Begin PBXVariantGroup section */
		84AFDC1015209A0A00DB5DEF /* InfoPlist.strings */ = {
			isa = PBXVariantGroup;
			children = (
				84AFDC1115209A0A00DB5DEF /* en */,
			);
			name = InfoPlist.strings;
			sourceTree = "<group>";
		};
		84AFDC1C15209A0A00DB5DEF /* MainMenu.xib */ = {
			isa = PBXVariantGroup;
			children = (
				84AFDC1D15209A0A00DB5DEF /* en */,
			);
			name = MainMenu.xib;
			sourceTree = "<group>";
		};
/* End PBXVariantGroup section */

/* Begin XCBuildConfiguration section */
		84AFDC1F15209A0A00DB5DEF /* Debug */ = {
			isa = XCBuildConfiguration;
			baseConfigurationReference = 84AFDC2C15209B3400DB5DEF /* Project.xcconfig */;
			buildSettings = {
				ALWAYS_SEARCH_USER_PATHS = NO;
				ARCHS = "$(ARCHS_STANDARD_32_BIT)";
				COPY_PHASE_STRIP = NO;
				GCC_C_LANGUAGE_STANDARD = gnu99;
				GCC_DYNAMIC_NO_PIC = NO;
				GCC_ENABLE_OBJC_EXCEPTIONS = YES;
				GCC_OPTIMIZATION_LEVEL = 0;
				GCC_PREPROCESSOR_DEFINITIONS = (
					"DEBUG=1",
					"$(inherited)",
				);
				GCC_SYMBOLS_PRIVATE_EXTERN = NO;
				GCC_VERSION = com.apple.compilers.llvm.clang.1_0;
				GCC_WARN_64_TO_32_BIT_CONVERSION = YES;
				GCC_WARN_ABOUT_RETURN_TYPE = YES;
				GCC_WARN_UNINITIALIZED_AUTOS = YES;
				GCC_WARN_UNUSED_VARIABLE = YES;
				MACOSX_DEPLOYMENT_TARGET = 10.7;
				ONLY_ACTIVE_ARCH = YES;
				SDKROOT = macosx10.8;
			};
			name = Debug;
		};
		84AFDC2015209A0A00DB5DEF /* Release */ = {
			isa = XCBuildConfiguration;
			baseConfigurationReference = 84AFDC2C15209B3400DB5DEF /* Project.xcconfig */;
			buildSettings = {
				ALWAYS_SEARCH_USER_PATHS = NO;
				ARCHS = "$(ARCHS_STANDARD_32_BIT)";
				COPY_PHASE_STRIP = YES;
				DEBUG_INFORMATION_FORMAT = "dwarf-with-dsym";
				GCC_C_LANGUAGE_STANDARD = gnu99;
				GCC_ENABLE_OBJC_EXCEPTIONS = YES;
				GCC_VERSION = com.apple.compilers.llvm.clang.1_0;
				GCC_WARN_64_TO_32_BIT_CONVERSION = YES;
				GCC_WARN_ABOUT_RETURN_TYPE = YES;
				GCC_WARN_UNINITIALIZED_AUTOS = YES;
				GCC_WARN_UNUSED_VARIABLE = YES;
				MACOSX_DEPLOYMENT_TARGET = 10.7;
				SDKROOT = macosx10.8;
			};
			name = Release;
		};
		84AFDC2215209A0A00DB5DEF /* Debug */ = {
			isa = XCBuildConfiguration;
			buildSettings = {
				FRAMEWORK_SEARCH_PATHS = (
					"$(inherited)",
					"\"$(SRCROOT)/../../../../Library/Developer/Xcode/DerivedData/DEW-ezvputjuauvbykashinnkcobfngm/Build/Products/Debug\"",
					"\"$(SRCROOT)/../../../Library/Developer/Xcode/DerivedData/DEW-ezvputjuauvbykashinnkcobfngm/Build/Products/Debug\"",
					"\"$(SRCROOT)/ofxCocoaPlugins/build/Debug\"",
				);
				GCC_OPTIMIZATION_LEVEL = 0;
				GCC_PRECOMPILE_PREFIX_HEADER = YES;
				GCC_PREFIX_HEADER = "";
				GCC_PREPROCESSOR_DEFINITIONS = (
					"DEBUG=1",
					"$(inherited)",
					"MSA_HOST_OPENFRAMEWORKS=1",
				);
				INFOPLIST_FILE = "ViljensTriumf/ViljensTriumf-Info.plist";
				OTHER_LDFLAGS = (
					"-Wl,-search_paths_first",
					"-Wl,-headerpad_max_install_names",
					"$(OF_CORE_LIBS)",
				);
				PRODUCT_NAME = ViljensTriumf;
				WRAPPER_EXTENSION = app;
			};
			name = Debug;
		};
		84AFDC2315209A0A00DB5DEF /* Release */ = {
			isa = XCBuildConfiguration;
			buildSettings = {
				FRAMEWORK_SEARCH_PATHS = (
					"$(inherited)",
					"\"$(SRCROOT)/../../../../Library/Developer/Xcode/DerivedData/DEW-ezvputjuauvbykashinnkcobfngm/Build/Products/Debug\"",
					"\"$(SRCROOT)/../../../Library/Developer/Xcode/DerivedData/DEW-ezvputjuauvbykashinnkcobfngm/Build/Products/Debug\"",
					"\"$(SRCROOT)/ofxCocoaPlugins/build/Debug\"",
				);
				GCC_PRECOMPILE_PREFIX_HEADER = YES;
				GCC_PREFIX_HEADER = "";
				GCC_PREPROCESSOR_DEFINITIONS = "MSA_HOST_OPENFRAMEWORKS=1";
				INFOPLIST_FILE = "ViljensTriumf/ViljensTriumf-Info.plist";
				OTHER_LDFLAGS = (
					"-Wl,-search_paths_first",
					"-Wl,-headerpad_max_install_names",
					"$(OF_CORE_LIBS)",
				);
				PRODUCT_NAME = ViljensTriumf;
				WRAPPER_EXTENSION = app;
			};
			name = Release;
		};
/* End XCBuildConfiguration section */

/* Begin XCConfigurationList section */
		84AFDBFD15209A0A00DB5DEF /* Build configuration list for PBXProject "ViljensTriumf" */ = {
			isa = XCConfigurationList;
			buildConfigurations = (
				84AFDC1F15209A0A00DB5DEF /* Debug */,
				84AFDC2015209A0A00DB5DEF /* Release */,
			);
			defaultConfigurationIsVisible = 0;
			defaultConfigurationName = Release;
		};
		84AFDC2115209A0A00DB5DEF /* Build configuration list for PBXNativeTarget "ViljensTriumf" */ = {
			isa = XCConfigurationList;
			buildConfigurations = (
				84AFDC2215209A0A00DB5DEF /* Debug */,
				84AFDC2315209A0A00DB5DEF /* Release */,
			);
			defaultConfigurationIsVisible = 0;
			defaultConfigurationName = Release;
		};
/* End XCConfigurationList section */
	};
	rootObject = 84AFDBFA15209A0A00DB5DEF /* Project object */;
}
